// !$*UTF8*$!
{
	archiveVersion = 1;
	classes = {
	};
	objectVersion = 46;
	objects = {

/* Begin PBXBuildFile section */
		7C4FC1221A2EF9EF003E7334 /* main.cpp in Sources */ = {isa = PBXBuildFile; fileRef = 7C4FC1211A2EF9EF003E7334 /* main.cpp */; };
/* End PBXBuildFile section */

/* Begin PBXCopyFilesBuildPhase section */
		7C4FC11C1A2EF9EF003E7334 /* CopyFiles */ = {
			isa = PBXCopyFilesBuildPhase;
			buildActionMask = 2147483647;
			dstPath = /usr/share/man/man1/;
			dstSubfolderSpec = 0;
			files = (
			);
			runOnlyForDeploymentPostprocessing = 1;
		};
/* End PBXCopyFilesBuildPhase section */

/* Begin PBXFileReference section */
		7C4FC11E1A2EF9EF003E7334 /* Frecuencias */ = {isa = PBXFileReference; explicitFileType = "compiled.mach-o.executable"; includeInIndex = 0; path = Frecuencias; sourceTree = BUILT_PRODUCTS_DIR; };
		7C4FC1211A2EF9EF003E7334 /* main.cpp */ = {isa = PBXFileReference; lastKnownFileType = sourcecode.cpp.cpp; path = main.cpp; sourceTree = "<group>"; };
/* End PBXFileReference section */

/* Begin PBXFrameworksBuildPhase section */
		7C4FC11B1A2EF9EF003E7334 /* Frameworks */ = {
			isa = PBXFrameworksBuildPhase;
			buildActionMask = 2147483647;
			files = (
			);
			runOnlyForDeploymentPostprocessing = 0;
		};
/* End PBXFrameworksBuildPhase section */

/* Begin PBXGroup section */
		7C4FC1151A2EF9EF003E7334 = {
			isa = PBXGroup;
			children = (
				7C4FC1201A2EF9EF003E7334 /* Frecuencias */,
				7C4FC11F1A2EF9EF003E7334 /* Products */,
			);
			sourceTree = "<group>";
		};
		7C4FC11F1A2EF9EF003E7334 /* Products */ = {
			isa = PBXGroup;
			children = (
				7C4FC11E1A2EF9EF003E7334 /* Frecuencias */,
			);
			name = Products;
			sourceTree = "<group>";
		};
		7C4FC1201A2EF9EF003E7334 /* Frecuencias */ = {
			isa = PBXGroup;
			children = (
				7C4FC1211A2EF9EF003E7334 /* main.cpp */,
			);
			path = Frecuencias;
			sourceTree = "<group>";
		};
/* End PBXGroup section */

/* Begin PBXNativeTarget section */
		7C4FC11D1A2EF9EF003E7334 /* Frecuencias */ = {
			isa = PBXNativeTarget;
			buildConfigurationList = 7C4FC1251A2EF9EF003E7334 /* Build configuration list for PBXNativeTarget "Frecuencias" */;
			buildPhases = (
				7C4FC11A1A2EF9EF003E7334 /* Sources */,
				7C4FC11B1A2EF9EF003E7334 /* Frameworks */,
				7C4FC11C1A2EF9EF003E7334 /* CopyFiles */,
			);
			buildRules = (
			);
			dependencies = (
			);
			name = Frecuencias;
			productName = Frecuencias;
			productReference = 7C4FC11E1A2EF9EF003E7334 /* Frecuencias */;
			productType = "com.apple.product-type.tool";
		};
/* End PBXNativeTarget section */

/* Begin PBXProject section */
		7C4FC1161A2EF9EF003E7334 /* Project object */ = {
			isa = PBXProject;
			attributes = {
				LastUpgradeCheck = 0610;
				ORGANIZATIONNAME = "Jose De Jesus Garfias Lopez";
				TargetAttributes = {
					7C4FC11D1A2EF9EF003E7334 = {
						CreatedOnToolsVersion = 6.1;
					};
				};
			};
			buildConfigurationList = 7C4FC1191A2EF9EF003E7334 /* Build configuration list for PBXProject "Frecuencias" */;
			compatibilityVersion = "Xcode 3.2";
			developmentRegion = English;
			hasScannedForEncodings = 0;
			knownRegions = (
				en,
			);
			mainGroup = 7C4FC1151A2EF9EF003E7334;
			productRefGroup = 7C4FC11F1A2EF9EF003E7334 /* Products */;
			projectDirPath = "";
			projectRoot = "";
			targets = (
				7C4FC11D1A2EF9EF003E7334 /* Frecuencias */,
			);
		};
/* End PBXProject section */

/* Begin PBXSourcesBuildPhase section */
		7C4FC11A1A2EF9EF003E7334 /* Sources */ = {
			isa = PBXSourcesBuildPhase;
			buildActionMask = 2147483647;
			files = (
				7C4FC1221A2EF9EF003E7334 /* main.cpp in Sources */,
			);
			runOnlyForDeploymentPostprocessing = 0;
		};
/* End PBXSourcesBuildPhase section */

/* Begin XCBuildConfiguration section */
		7C4FC1231A2EF9EF003E7334 /* Debug */ = {
			isa = XCBuildConfiguration;
			buildSettings = {
				ALWAYS_SEARCH_USER_PATHS = NO;
				CLANG_CXX_LANGUAGE_STANDARD = "gnu++0x";
				CLANG_CXX_LIBRARY = "libc++";
				CLANG_ENABLE_MODULES = YES;
				CLANG_ENABLE_OBJC_ARC = YES;
				CLANG_WARN_BOOL_CONVERSION = YES;
				CLANG_WARN_CONSTANT_CONVERSION = YES;
				CLANG_WARN_DIRECT_OBJC_ISA_USAGE = YES_ERROR;
				CLANG_WARN_EMPTY_BODY = YES;
				CLANG_WARN_ENUM_CONVERSION = YES;
				CLANG_WARN_INT_CONVERSION = YES;
				CLANG_WARN_OBJC_ROOT_CLASS = YES_ERROR;
				CLANG_WARN_UNREACHABLE_CODE = YES;
				CLANG_WARN__DUPLICATE_METHOD_MATCH = YES;
				COPY_PHASE_STRIP = NO;
				ENABLE_STRICT_OBJC_MSGSEND = YES;
				GCC_C_LANGUAGE_STANDARD = gnu99;
				GCC_DYNAMIC_NO_PIC = NO;
				GCC_OPTIMIZATION_LEVEL = 0;
				GCC_PREPROCESSOR_DEFINITIONS = (
					"DEBUG=1",
					"$(inherited)",
				);
				GCC_SYMBOLS_PRIVATE_EXTERN = NO;
				GCC_WARN_64_TO_32_BIT_CONVERSION = YES;
				GCC_WARN_ABOUT_RETURN_TYPE = YES_ERROR;
				GCC_WARN_UNDECLARED_SELECTOR = YES;
				GCC_WARN_UNINITIALIZED_AUTOS = YES_AGGRESSIVE;
				GCC_WARN_UNUSED_FUNCTION = YES;
				GCC_WARN_UNUSED_VARIABLE = YES;
				MACOSX_DEPLOYMENT_TARGET = 10.10;
				MTL_ENABLE_DEBUG_INFO = YES;
				ONLY_ACTIVE_ARCH = YES;
				SDKROOT = macosx;
			};
			name = Debug;
		};
		7C4FC1241A2EF9EF003E7334 /* Release */ = {
			isa = XCBuildConfiguration;
			buildSettings = {
				ALWAYS_SEARCH_USER_PATHS = NO;
				CLANG_CXX_LANGUAGE_STANDARD = "gnu++0x";
				CLANG_CXX_LIBRARY = "libc++";
				CLANG_ENABLE_MODULES = YES;
				CLANG_ENABLE_OBJC_ARC = YES;
				CLANG_WARN_BOOL_CONVERSION = YES;
				CLANG_WARN_CONSTANT_CONVERSION = YES;
				CLANG_WARN_DIRECT_OBJC_ISA_USAGE = YES_ERROR;
				CLANG_WARN_EMPTY_BODY = YES;
				CLANG_WARN_ENUM_CONVERSION = YES;
				CLANG_WARN_INT_CONVERSION = YES;
				CLANG_WARN_OBJC_ROOT_CLASS = YES_ERROR;
				CLANG_WARN_UNREACHABLE_CODE = YES;
				CLANG_WARN__DUPLICATE_METHOD_MATCH = YES;
				COPY_PHASE_STRIP = YES;
				DEBUG_INFORMATION_FORMAT = "dwarf-with-dsym";
				ENABLE_NS_ASSERTIONS = NO;
				ENABLE_STRICT_OBJC_MSGSEND = YES;
				GCC_C_LANGUAGE_STANDARD = gnu99;
				GCC_WARN_64_TO_32_BIT_CONVERSION = YES;
				GCC_WARN_ABOUT_RETURN_TYPE = YES_ERROR;
				GCC_WARN_UNDECLARED_SELECTOR = YES;
				GCC_WARN_UNINITIALIZED_AUTOS = YES_AGGRESSIVE;
				GCC_WARN_UNUSED_FUNCTION = YES;
				GCC_WARN_UNUSED_VARIABLE = YES;
				MACOSX_DEPLOYMENT_TARGET = 10.10;
				MTL_ENABLE_DEBUG_INFO = NO;
				SDKROOT = macosx;
			};
			name = Release;
		};
		7C4FC1261A2EF9EF003E7334 /* Debug */ = {
			isa = XCBuildConfiguration;
			buildSettings = {
				PRODUCT_NAME = "$(TARGET_NAME)";
			};
			name = Debug;
		};
		7C4FC1271A2EF9EF003E7334 /* Release */ = {
			isa = XCBuildConfiguration;
			buildSettings = {
				PRODUCT_NAME = "$(TARGET_NAME)";
			};
			name = Release;
		};
/* End XCBuildConfiguration section */

/* Begin XCConfigurationList section */
		7C4FC1191A2EF9EF003E7334 /* Build configuration list for PBXProject "Frecuencias" */ = {
			isa = XCConfigurationList;
			buildConfigurations = (
				7C4FC1231A2EF9EF003E7334 /* Debug */,
				7C4FC1241A2EF9EF003E7334 /* Release */,
			);
			defaultConfigurationIsVisible = 0;
			defaultConfigurationName = Release;
		};
		7C4FC1251A2EF9EF003E7334 /* Build configuration list for PBXNativeTarget "Frecuencias" */ = {
			isa = XCConfigurationList;
			buildConfigurations = (
				7C4FC1261A2EF9EF003E7334 /* Debug */,
				7C4FC1271A2EF9EF003E7334 /* Release */,
			);
			defaultConfigurationIsVisible = 0;
		};
/* End XCConfigurationList section */
	};
	rootObject = 7C4FC1161A2EF9EF003E7334 /* Project object */;
}
