// !$*UTF8*$!
{
	archiveVersion = 1;
	classes = {
	};
	objectVersion = 46;
	objects = {

/* Begin PBXBuildFile section */
		CECF6A0F1B3BD3C6003E5149 /* main.cpp in Sources */ = {isa = PBXBuildFile; fileRef = CECF6A0E1B3BD3C6003E5149 /* main.cpp */; };
/* End PBXBuildFile section */

/* Begin PBXCopyFilesBuildPhase section */
		CECF6A091B3BD3C5003E5149 /* CopyFiles */ = {
			isa = PBXCopyFilesBuildPhase;
			buildActionMask = 2147483647;
			dstPath = /usr/share/man/man1/;
			dstSubfolderSpec = 0;
			files = (
			);
			runOnlyForDeploymentPostprocessing = 1;
		};
/* End PBXCopyFilesBuildPhase section */

/* Begin PBXFileReference section */
		CECF6A0B1B3BD3C6003E5149 /* MetodosNumericos */ = {isa = PBXFileReference; explicitFileType = "compiled.mach-o.executable"; includeInIndex = 0; path = MetodosNumericos; sourceTree = BUILT_PRODUCTS_DIR; };
		CECF6A0E1B3BD3C6003E5149 /* main.cpp */ = {isa = PBXFileReference; lastKnownFileType = sourcecode.cpp.cpp; path = main.cpp; sourceTree = "<group>"; };
/* End PBXFileReference section */

/* Begin PBXFrameworksBuildPhase section */
		CECF6A081B3BD3C5003E5149 /* Frameworks */ = {
			isa = PBXFrameworksBuildPhase;
			buildActionMask = 2147483647;
			files = (
			);
			runOnlyForDeploymentPostprocessing = 0;
		};
/* End PBXFrameworksBuildPhase section */

/* Begin PBXGroup section */
		CECF6A021B3BD3C5003E5149 = {
			isa = PBXGroup;
			children = (
				CECF6A0D1B3BD3C6003E5149 /* MetodosNumericos */,
				CECF6A0C1B3BD3C6003E5149 /* Products */,
			);
			sourceTree = "<group>";
		};
		CECF6A0C1B3BD3C6003E5149 /* Products */ = {
			isa = PBXGroup;
			children = (
				CECF6A0B1B3BD3C6003E5149 /* MetodosNumericos */,
			);
			name = Products;
			sourceTree = "<group>";
		};
		CECF6A0D1B3BD3C6003E5149 /* MetodosNumericos */ = {
			isa = PBXGroup;
			children = (
				CECF6A0E1B3BD3C6003E5149 /* main.cpp */,
			);
			path = MetodosNumericos;
			sourceTree = "<group>";
		};
/* End PBXGroup section */

/* Begin PBXNativeTarget section */
		CECF6A0A1B3BD3C5003E5149 /* MetodosNumericos */ = {
			isa = PBXNativeTarget;
			buildConfigurationList = CECF6A121B3BD3C6003E5149 /* Build configuration list for PBXNativeTarget "MetodosNumericos" */;
			buildPhases = (
				CECF6A071B3BD3C5003E5149 /* Sources */,
				CECF6A081B3BD3C5003E5149 /* Frameworks */,
				CECF6A091B3BD3C5003E5149 /* CopyFiles */,
			);
			buildRules = (
			);
			dependencies = (
			);
			name = MetodosNumericos;
			productName = MetodosNumericos;
			productReference = CECF6A0B1B3BD3C6003E5149 /* MetodosNumericos */;
			productType = "com.apple.product-type.tool";
		};
/* End PBXNativeTarget section */

/* Begin PBXProject section */
		CECF6A031B3BD3C5003E5149 /* Project object */ = {
			isa = PBXProject;
			attributes = {
				LastUpgradeCheck = 0630;
				ORGANIZATIONNAME = "Jose De Jesus Garfias Lopez";
				TargetAttributes = {
					CECF6A0A1B3BD3C5003E5149 = {
						CreatedOnToolsVersion = 6.3.2;
					};
				};
			};
			buildConfigurationList = CECF6A061B3BD3C5003E5149 /* Build configuration list for PBXProject "MetodosNumericos" */;
			compatibilityVersion = "Xcode 3.2";
			developmentRegion = English;
			hasScannedForEncodings = 0;
			knownRegions = (
				en,
			);
			mainGroup = CECF6A021B3BD3C5003E5149;
			productRefGroup = CECF6A0C1B3BD3C6003E5149 /* Products */;
			projectDirPath = "";
			projectRoot = "";
			targets = (
				CECF6A0A1B3BD3C5003E5149 /* MetodosNumericos */,
			);
		};
/* End PBXProject section */

/* Begin PBXSourcesBuildPhase section */
		CECF6A071B3BD3C5003E5149 /* Sources */ = {
			isa = PBXSourcesBuildPhase;
			buildActionMask = 2147483647;
			files = (
				CECF6A0F1B3BD3C6003E5149 /* main.cpp in Sources */,
			);
			runOnlyForDeploymentPostprocessing = 0;
		};
/* End PBXSourcesBuildPhase section */

/* Begin XCBuildConfiguration section */
		CECF6A101B3BD3C6003E5149 /* Debug */ = {
			isa = XCBuildConfiguration;
			buildSettings = {
				ALWAYS_SEARCH_USER_PATHS = NO;
				CLANG_CXX_LANGUAGE_STANDARD = "gnu++0x";
				CLANG_CXX_LIBRARY = "libc++";
				CLANG_ENABLE_MODULES = YES;
				CLANG_ENABLE_OBJC_ARC = YES;
				CLANG_WARN_BOOL_CONVERSION = YES;
				CLANG_WARN_CONSTANT_CONVERSION = YES;
				CLANG_WARN_DIRECT_OBJC_ISA_USAGE = YES_ERROR;
				CLANG_WARN_EMPTY_BODY = YES;
				CLANG_WARN_ENUM_CONVERSION = YES;
				CLANG_WARN_INT_CONVERSION = YES;
				CLANG_WARN_OBJC_ROOT_CLASS = YES_ERROR;
				CLANG_WARN_UNREACHABLE_CODE = YES;
				CLANG_WARN__DUPLICATE_METHOD_MATCH = YES;
				COPY_PHASE_STRIP = NO;
				DEBUG_INFORMATION_FORMAT = dwarf;
				ENABLE_STRICT_OBJC_MSGSEND = YES;
				GCC_C_LANGUAGE_STANDARD = gnu99;
				GCC_DYNAMIC_NO_PIC = NO;
				GCC_NO_COMMON_BLOCKS = YES;
				GCC_OPTIMIZATION_LEVEL = 0;
				GCC_PREPROCESSOR_DEFINITIONS = (
					"DEBUG=1",
					"$(inherited)",
				);
				GCC_SYMBOLS_PRIVATE_EXTERN = NO;
				GCC_WARN_64_TO_32_BIT_CONVERSION = YES;
				GCC_WARN_ABOUT_RETURN_TYPE = YES_ERROR;
				GCC_WARN_UNDECLARED_SELECTOR = YES;
				GCC_WARN_UNINITIALIZED_AUTOS = YES_AGGRESSIVE;
				GCC_WARN_UNUSED_FUNCTION = YES;
				GCC_WARN_UNUSED_VARIABLE = YES;
				MACOSX_DEPLOYMENT_TARGET = 10.10;
				MTL_ENABLE_DEBUG_INFO = YES;
				ONLY_ACTIVE_ARCH = YES;
				SDKROOT = macosx;
			};
			name = Debug;
		};
		CECF6A111B3BD3C6003E5149 /* Release */ = {
			isa = XCBuildConfiguration;
			buildSettings = {
				ALWAYS_SEARCH_USER_PATHS = NO;
				CLANG_CXX_LANGUAGE_STANDARD = "gnu++0x";
				CLANG_CXX_LIBRARY = "libc++";
				CLANG_ENABLE_MODULES = YES;
				CLANG_ENABLE_OBJC_ARC = YES;
				CLANG_WARN_BOOL_CONVERSION = YES;
				CLANG_WARN_CONSTANT_CONVERSION = YES;
				CLANG_WARN_DIRECT_OBJC_ISA_USAGE = YES_ERROR;
				CLANG_WARN_EMPTY_BODY = YES;
				CLANG_WARN_ENUM_CONVERSION = YES;
				CLANG_WARN_INT_CONVERSION = YES;
				CLANG_WARN_OBJC_ROOT_CLASS = YES_ERROR;
				CLANG_WARN_UNREACHABLE_CODE = YES;
				CLANG_WARN__DUPLICATE_METHOD_MATCH = YES;
				COPY_PHASE_STRIP = NO;
				DEBUG_INFORMATION_FORMAT = "dwarf-with-dsym";
				ENABLE_NS_ASSERTIONS = NO;
				ENABLE_STRICT_OBJC_MSGSEND = YES;
				GCC_C_LANGUAGE_STANDARD = gnu99;
				GCC_NO_COMMON_BLOCKS = YES;
				GCC_WARN_64_TO_32_BIT_CONVERSION = YES;
				GCC_WARN_ABOUT_RETURN_TYPE = YES_ERROR;
				GCC_WARN_UNDECLARED_SELECTOR = YES;
				GCC_WARN_UNINITIALIZED_AUTOS = YES_AGGRESSIVE;
				GCC_WARN_UNUSED_FUNCTION = YES;
				GCC_WARN_UNUSED_VARIABLE = YES;
				MACOSX_DEPLOYMENT_TARGET = 10.10;
				MTL_ENABLE_DEBUG_INFO = NO;
				SDKROOT = macosx;
			};
			name = Release;
		};
		CECF6A131B3BD3C6003E5149 /* Debug */ = {
			isa = XCBuildConfiguration;
			buildSettings = {
				PRODUCT_NAME = "$(TARGET_NAME)";
			};
			name = Debug;
		};
		CECF6A141B3BD3C6003E5149 /* Release */ = {
			isa = XCBuildConfiguration;
			buildSettings = {
				PRODUCT_NAME = "$(TARGET_NAME)";
			};
			name = Release;
		};
/* End XCBuildConfiguration section */

/* Begin XCConfigurationList section */
		CECF6A061B3BD3C5003E5149 /* Build configuration list for PBXProject "MetodosNumericos" */ = {
			isa = XCConfigurationList;
			buildConfigurations = (
				CECF6A101B3BD3C6003E5149 /* Debug */,
				CECF6A111B3BD3C6003E5149 /* Release */,
			);
			defaultConfigurationIsVisible = 0;
			defaultConfigurationName = Release;
		};
		CECF6A121B3BD3C6003E5149 /* Build configuration list for PBXNativeTarget "MetodosNumericos" */ = {
			isa = XCConfigurationList;
			buildConfigurations = (
				CECF6A131B3BD3C6003E5149 /* Debug */,
				CECF6A141B3BD3C6003E5149 /* Release */,
			);
			defaultConfigurationIsVisible = 0;
		};
/* End XCConfigurationList section */
	};
	rootObject = CECF6A031B3BD3C5003E5149 /* Project object */;
}
