// !$*UTF8*$!
{
	archiveVersion = 1;
	classes = {
	};
	objectVersion = 46;
	objects = {

/* Begin PBXBuildFile section */
		7CECBE8A1AB4E42100988A56 /* main.cpp in Sources */ = {isa = PBXBuildFile; fileRef = 7CECBE891AB4E42100988A56 /* main.cpp */; };
/* End PBXBuildFile section */

/* Begin PBXCopyFilesBuildPhase section */
		7CECBE841AB4E42100988A56 /* CopyFiles */ = {
			isa = PBXCopyFilesBuildPhase;
			buildActionMask = 2147483647;
			dstPath = /usr/share/man/man1/;
			dstSubfolderSpec = 0;
			files = (
			);
			runOnlyForDeploymentPostprocessing = 1;
		};
/* End PBXCopyFilesBuildPhase section */

/* Begin PBXFileReference section */
		7CECBE861AB4E42100988A56 /* Programa5_ETSFundamentos */ = {isa = PBXFileReference; explicitFileType = "compiled.mach-o.executable"; includeInIndex = 0; path = Programa5_ETSFundamentos; sourceTree = BUILT_PRODUCTS_DIR; };
		7CECBE891AB4E42100988A56 /* main.cpp */ = {isa = PBXFileReference; lastKnownFileType = sourcecode.cpp.cpp; path = main.cpp; sourceTree = "<group>"; };
/* End PBXFileReference section */

/* Begin PBXFrameworksBuildPhase section */
		7CECBE831AB4E42100988A56 /* Frameworks */ = {
			isa = PBXFrameworksBuildPhase;
			buildActionMask = 2147483647;
			files = (
			);
			runOnlyForDeploymentPostprocessing = 0;
		};
/* End PBXFrameworksBuildPhase section */

/* Begin PBXGroup section */
		7CECBE7D1AB4E42100988A56 = {
			isa = PBXGroup;
			children = (
				7CECBE881AB4E42100988A56 /* Programa5_ETSFundamentos */,
				7CECBE871AB4E42100988A56 /* Products */,
			);
			sourceTree = "<group>";
		};
		7CECBE871AB4E42100988A56 /* Products */ = {
			isa = PBXGroup;
			children = (
				7CECBE861AB4E42100988A56 /* Programa5_ETSFundamentos */,
			);
			name = Products;
			sourceTree = "<group>";
		};
		7CECBE881AB4E42100988A56 /* Programa5_ETSFundamentos */ = {
			isa = PBXGroup;
			children = (
				7CECBE891AB4E42100988A56 /* main.cpp */,
			);
			path = Programa5_ETSFundamentos;
			sourceTree = "<group>";
		};
/* End PBXGroup section */

/* Begin PBXNativeTarget section */
		7CECBE851AB4E42100988A56 /* Programa5_ETSFundamentos */ = {
			isa = PBXNativeTarget;
			buildConfigurationList = 7CECBE8D1AB4E42100988A56 /* Build configuration list for PBXNativeTarget "Programa5_ETSFundamentos" */;
			buildPhases = (
				7CECBE821AB4E42100988A56 /* Sources */,
				7CECBE831AB4E42100988A56 /* Frameworks */,
				7CECBE841AB4E42100988A56 /* CopyFiles */,
			);
			buildRules = (
			);
			dependencies = (
			);
			name = Programa5_ETSFundamentos;
			productName = Programa5_ETSFundamentos;
			productReference = 7CECBE861AB4E42100988A56 /* Programa5_ETSFundamentos */;
			productType = "com.apple.product-type.tool";
		};
/* End PBXNativeTarget section */

/* Begin PBXProject section */
		7CECBE7E1AB4E42100988A56 /* Project object */ = {
			isa = PBXProject;
			attributes = {
				LastUpgradeCheck = 0620;
				ORGANIZATIONNAME = "Jose De Jesus Garfias Lopez";
				TargetAttributes = {
					7CECBE851AB4E42100988A56 = {
						CreatedOnToolsVersion = 6.2;
					};
				};
			};
			buildConfigurationList = 7CECBE811AB4E42100988A56 /* Build configuration list for PBXProject "Programa5_ETSFundamentos" */;
			compatibilityVersion = "Xcode 3.2";
			developmentRegion = English;
			hasScannedForEncodings = 0;
			knownRegions = (
				en,
			);
			mainGroup = 7CECBE7D1AB4E42100988A56;
			productRefGroup = 7CECBE871AB4E42100988A56 /* Products */;
			projectDirPath = "";
			projectRoot = "";
			targets = (
				7CECBE851AB4E42100988A56 /* Programa5_ETSFundamentos */,
			);
		};
/* End PBXProject section */

/* Begin PBXSourcesBuildPhase section */
		7CECBE821AB4E42100988A56 /* Sources */ = {
			isa = PBXSourcesBuildPhase;
			buildActionMask = 2147483647;
			files = (
				7CECBE8A1AB4E42100988A56 /* main.cpp in Sources */,
			);
			runOnlyForDeploymentPostprocessing = 0;
		};
/* End PBXSourcesBuildPhase section */

/* Begin XCBuildConfiguration section */
		7CECBE8B1AB4E42100988A56 /* Debug */ = {
			isa = XCBuildConfiguration;
			buildSettings = {
				ALWAYS_SEARCH_USER_PATHS = NO;
				CLANG_CXX_LANGUAGE_STANDARD = "gnu++0x";
				CLANG_CXX_LIBRARY = "libc++";
				CLANG_ENABLE_MODULES = YES;
				CLANG_ENABLE_OBJC_ARC = YES;
				CLANG_WARN_BOOL_CONVERSION = YES;
				CLANG_WARN_CONSTANT_CONVERSION = YES;
				CLANG_WARN_DIRECT_OBJC_ISA_USAGE = YES_ERROR;
				CLANG_WARN_EMPTY_BODY = YES;
				CLANG_WARN_ENUM_CONVERSION = YES;
				CLANG_WARN_INT_CONVERSION = YES;
				CLANG_WARN_OBJC_ROOT_CLASS = YES_ERROR;
				CLANG_WARN_UNREACHABLE_CODE = YES;
				CLANG_WARN__DUPLICATE_METHOD_MATCH = YES;
				COPY_PHASE_STRIP = NO;
				ENABLE_STRICT_OBJC_MSGSEND = YES;
				GCC_C_LANGUAGE_STANDARD = gnu99;
				GCC_DYNAMIC_NO_PIC = NO;
				GCC_OPTIMIZATION_LEVEL = 0;
				GCC_PREPROCESSOR_DEFINITIONS = (
					"DEBUG=1",
					"$(inherited)",
				);
				GCC_SYMBOLS_PRIVATE_EXTERN = NO;
				GCC_WARN_64_TO_32_BIT_CONVERSION = YES;
				GCC_WARN_ABOUT_RETURN_TYPE = YES_ERROR;
				GCC_WARN_UNDECLARED_SELECTOR = YES;
				GCC_WARN_UNINITIALIZED_AUTOS = YES_AGGRESSIVE;
				GCC_WARN_UNUSED_FUNCTION = YES;
				GCC_WARN_UNUSED_VARIABLE = YES;
				MACOSX_DEPLOYMENT_TARGET = 10.10;
				MTL_ENABLE_DEBUG_INFO = YES;
				ONLY_ACTIVE_ARCH = YES;
				SDKROOT = macosx;
			};
			name = Debug;
		};
		7CECBE8C1AB4E42100988A56 /* Release */ = {
			isa = XCBuildConfiguration;
			buildSettings = {
				ALWAYS_SEARCH_USER_PATHS = NO;
				CLANG_CXX_LANGUAGE_STANDARD = "gnu++0x";
				CLANG_CXX_LIBRARY = "libc++";
				CLANG_ENABLE_MODULES = YES;
				CLANG_ENABLE_OBJC_ARC = YES;
				CLANG_WARN_BOOL_CONVERSION = YES;
				CLANG_WARN_CONSTANT_CONVERSION = YES;
				CLANG_WARN_DIRECT_OBJC_ISA_USAGE = YES_ERROR;
				CLANG_WARN_EMPTY_BODY = YES;
				CLANG_WARN_ENUM_CONVERSION = YES;
				CLANG_WARN_INT_CONVERSION = YES;
				CLANG_WARN_OBJC_ROOT_CLASS = YES_ERROR;
				CLANG_WARN_UNREACHABLE_CODE = YES;
				CLANG_WARN__DUPLICATE_METHOD_MATCH = YES;
				COPY_PHASE_STRIP = NO;
				DEBUG_INFORMATION_FORMAT = "dwarf-with-dsym";
				ENABLE_NS_ASSERTIONS = NO;
				ENABLE_STRICT_OBJC_MSGSEND = YES;
				GCC_C_LANGUAGE_STANDARD = gnu99;
				GCC_WARN_64_TO_32_BIT_CONVERSION = YES;
				GCC_WARN_ABOUT_RETURN_TYPE = YES_ERROR;
				GCC_WARN_UNDECLARED_SELECTOR = YES;
				GCC_WARN_UNINITIALIZED_AUTOS = YES_AGGRESSIVE;
				GCC_WARN_UNUSED_FUNCTION = YES;
				GCC_WARN_UNUSED_VARIABLE = YES;
				MACOSX_DEPLOYMENT_TARGET = 10.10;
				MTL_ENABLE_DEBUG_INFO = NO;
				SDKROOT = macosx;
			};
			name = Release;
		};
		7CECBE8E1AB4E42100988A56 /* Debug */ = {
			isa = XCBuildConfiguration;
			buildSettings = {
				PRODUCT_NAME = "$(TARGET_NAME)";
			};
			name = Debug;
		};
		7CECBE8F1AB4E42100988A56 /* Release */ = {
			isa = XCBuildConfiguration;
			buildSettings = {
				PRODUCT_NAME = "$(TARGET_NAME)";
			};
			name = Release;
		};
/* End XCBuildConfiguration section */

/* Begin XCConfigurationList section */
		7CECBE811AB4E42100988A56 /* Build configuration list for PBXProject "Programa5_ETSFundamentos" */ = {
			isa = XCConfigurationList;
			buildConfigurations = (
				7CECBE8B1AB4E42100988A56 /* Debug */,
				7CECBE8C1AB4E42100988A56 /* Release */,
			);
			defaultConfigurationIsVisible = 0;
			defaultConfigurationName = Release;
		};
		7CECBE8D1AB4E42100988A56 /* Build configuration list for PBXNativeTarget "Programa5_ETSFundamentos" */ = {
			isa = XCConfigurationList;
			buildConfigurations = (
				7CECBE8E1AB4E42100988A56 /* Debug */,
				7CECBE8F1AB4E42100988A56 /* Release */,
			);
			defaultConfigurationIsVisible = 0;
		};
/* End XCConfigurationList section */
	};
	rootObject = 7CECBE7E1AB4E42100988A56 /* Project object */;
}
